PODS:
  - Flutter (1.0.0)
  - teamxsdk (0.0.1):
    - Flutter

DEPENDENCIES:
  - Flutter (from `Flutter`)
  - teamxsdk (from `.symlinks/plugins/teamxsdk/ios`)

EXTERNAL SOURCES:
  Flutter:
    :path: Flutter
  teamxsdk:
    :path: ".symlinks/plugins/teamxsdk/ios"

SPEC CHECKSUMS:
  Flutter: 50d75fe2f02b26cc09d224853bb45737f8b3214a
  teamxsdk: f22bd4a80d48e207342669014586465946a829df

PODFILE CHECKSUM: aafe91acc616949ddb318b77800a7f51bffa2a4c

COCOAPODS: 1.11.2
